
Microsoft Visual Studio Solution File, Format Version 12.00
# Visual Studio Version 16
VisualStudioVersion = 16.0.29102.190
MinimumVisualStudioVersion = 10.0.40219.1
Project("{FAE04EC0-301F-11D3-BF4B-00C04F79EFBC}") = "FoodHub.Web", "FoodHub.Web\FoodHub.Web.csproj", "{4FB719E3-C4E8-424A-B590-D36C29FC0739}"
EndProject
Global
	GlobalSection(SolutionConfigurationPlatforms) = preSolution
		Debug|Any CPU = Debug|Any CPU
		Release|Any CPU = Release|Any CPU
	EndGlobalSection
	GlobalSection(ProjectConfigurationPlatforms) = postSolution
		{4FB719E3-C4E8-424A-B590-D36C29FC0739}.Debug|Any CPU.ActiveCfg = Debug|Any CPU
		{4FB719E3-C4E8-424A-B590-D36C29FC0739}.Debug|Any CPU.Build.0 = Debug|Any CPU
		{4FB719E3-C4E8-424A-B590-D36C29FC0739}.Release|Any CPU.ActiveCfg = Release|Any CPU
		{4FB719E3-C4E8-424A-B590-D36C29FC0739}.Release|Any CPU.Build.0 = Release|Any CPU
	EndGlobalSection
	GlobalSection(SolutionProperties) = preSolution
		HideSolutionNode = FALSE
	EndGlobalSection
	GlobalSection(ExtensibilityGlobals) = postSolution
		SolutionGuid = {55B43BD4-1C3C-4B12-9EC3-3780E5A0B805}
	EndGlobalSection
EndGlobal
